
Microsoft Visual Studio Solution File, Format Version 12.00
Project("{FAE04EC0-301F-11D3-BF4B-00C04F79EFBC}") = "RiraTask", "RiraTask\RiraTask.csproj", "{24EEFFB0-BFF8-48AB-9D19-A998B505BE26}"
EndProject
Global
	GlobalSection(SolutionConfigurationPlatforms) = preSolution
		Debug|Any CPU = Debug|Any CPU
		Release|Any CPU = Release|Any CPU
	EndGlobalSection
	GlobalSection(ProjectConfigurationPlatforms) = postSolution
		{24EEFFB0-BFF8-48AB-9D19-A998B505BE26}.Debug|Any CPU.ActiveCfg = Debug|Any CPU
		{24EEFFB0-BFF8-48AB-9D19-A998B505BE26}.Debug|Any CPU.Build.0 = Debug|Any CPU
		{24EEFFB0-BFF8-48AB-9D19-A998B505BE26}.Release|Any CPU.ActiveCfg = Release|Any CPU
		{24EEFFB0-BFF8-48AB-9D19-A998B505BE26}.Release|Any CPU.Build.0 = Release|Any CPU
	EndGlobalSection
EndGlobal
